
Microsoft Visual Studio Solution File, Format Version 12.00
# Visual Studio Version 17
VisualStudioVersion = 17.14.36301.6 d17.14
MinimumVisualStudioVersion = 10.0.40219.1
Project("{8BC9CEB8-8B4A-11D0-8D11-00A0C91BC942}") = "Wegner_Duane_2-3_Activity_Buffer_Overflow_Coding", "Wegner_Duane_2-3_Activity_Buffer_Overflow_Coding.vcxproj", "{193C4905-C511-4C5A-966B-E03BCB1CA34C}"
EndProject
Global
	GlobalSection(SolutionConfigurationPlatforms) = preSolution
		Debug|x64 = Debug|x64
		Debug|x86 = Debug|x86
		Release|x64 = Release|x64
		Release|x86 = Release|x86
	EndGlobalSection
	GlobalSection(ProjectConfigurationPlatforms) = postSolution
		{193C4905-C511-4C5A-966B-E03BCB1CA34C}.Debug|x64.ActiveCfg = Debug|x64
		{193C4905-C511-4C5A-966B-E03BCB1CA34C}.Debug|x64.Build.0 = Debug|x64
		{193C4905-C511-4C5A-966B-E03BCB1CA34C}.Debug|x86.ActiveCfg = Debug|Win32
		{193C4905-C511-4C5A-966B-E03BCB1CA34C}.Debug|x86.Build.0 = Debug|Win32
		{193C4905-C511-4C5A-966B-E03BCB1CA34C}.Release|x64.ActiveCfg = Release|x64
		{193C4905-C511-4C5A-966B-E03BCB1CA34C}.Release|x64.Build.0 = Release|x64
		{193C4905-C511-4C5A-966B-E03BCB1CA34C}.Release|x86.ActiveCfg = Release|Win32
		{193C4905-C511-4C5A-966B-E03BCB1CA34C}.Release|x86.Build.0 = Release|Win32
	EndGlobalSection
	GlobalSection(SolutionProperties) = preSolution
		HideSolutionNode = FALSE
	EndGlobalSection
	GlobalSection(ExtensibilityGlobals) = postSolution
		SolutionGuid = {3D7F24A8-C537-4668-B816-B82EDBB16288}
	EndGlobalSection
EndGlobal
